// !$*UTF8*$!
{
	archiveVersion = 1;
	classes = {
	};
	objectVersion = 46;
	objects = {

/* Begin PBXBuildFile section */
		8B1AA8BB1C383F3E001E1364 /* AppDelegate.swift in Sources */ = {isa = PBXBuildFile; fileRef = 8B1AA8BA1C383F3E001E1364 /* AppDelegate.swift */; };
		8B1AA8BD1C383F3E001E1364 /* ViewController.swift in Sources */ = {isa = PBXBuildFile; fileRef = 8B1AA8BC1C383F3E001E1364 /* ViewController.swift */; };
		8B1AA8C01C383F3E001E1364 /* Main.storyboard in Resources */ = {isa = PBXBuildFile; fileRef = 8B1AA8BE1C383F3E001E1364 /* Main.storyboard */; };
		8B1AA8C21C383F3E001E1364 /* Assets.xcassets in Resources */ = {isa = PBXBuildFile; fileRef = 8B1AA8C11C383F3E001E1364 /* Assets.xcassets */; };
		8B1AA8C51C383F3E001E1364 /* LaunchScreen.storyboard in Resources */ = {isa = PBXBuildFile; fileRef = 8B1AA8C31C383F3E001E1364 /* LaunchScreen.storyboard */; };
/* End PBXBuildFile section */

/* Begin PBXFileReference section */
		8B1AA8B71C383F3E001E1364 /* Memorable Places.app */ = {isa = PBXFileReference; explicitFileType = wrapper.application; includeInIndex = 0; path = "Memorable Places.app"; sourceTree = BUILT_PRODUCTS_DIR; };
		8B1AA8BA1C383F3E001E1364 /* AppDelegate.swift */ = {isa = PBXFileReference; lastKnownFileType = sourcecode.swift; path = AppDelegate.swift; sourceTree = "<group>"; };
		8B1AA8BC1C383F3E001E1364 /* ViewController.swift */ = {isa = PBXFileReference; lastKnownFileType = sourcecode.swift; path = ViewController.swift; sourceTree = "<group>"; };
		8B1AA8BF1C383F3E001E1364 /* Base */ = {isa = PBXFileReference; lastKnownFileType = file.storyboard; name = Base; path = Base.lproj/Main.storyboard; sourceTree = "<group>"; };
		8B1AA8C11C383F3E001E1364 /* Assets.xcassets */ = {isa = PBXFileReference; lastKnownFileType = folder.assetcatalog; path = Assets.xcassets; sourceTree = "<group>"; };
		8B1AA8C41C383F3E001E1364 /* Base */ = {isa = PBXFileReference; lastKnownFileType = file.storyboard; name = Base; path = Base.lproj/LaunchScreen.storyboard; sourceTree = "<group>"; };
		8B1AA8C61C383F3E001E1364 /* Info.plist */ = {isa = PBXFileReference; lastKnownFileType = text.plist.xml; path = Info.plist; sourceTree = "<group>"; };
/* End PBXFileReference section */

/* Begin PBXFrameworksBuildPhase section */
		8B1AA8B41C383F3E001E1364 /* Frameworks */ = {
			isa = PBXFrameworksBuildPhase;
			buildActionMask = 2147483647;
			files = (
			);
			runOnlyForDeploymentPostprocessing = 0;
		};
/* End PBXFrameworksBuildPhase section */

/* Begin PBXGroup section */
		8B1AA8AE1C383F3E001E1364 = {
			isa = PBXGroup;
			children = (
				8B1AA8B91C383F3E001E1364 /* Memorable Places */,
				8B1AA8B81C383F3E001E1364 /* Products */,
			);
			sourceTree = "<group>";
		};
		8B1AA8B81C383F3E001E1364 /* Products */ = {
			isa = PBXGroup;
			children = (
				8B1AA8B71C383F3E001E1364 /* Memorable Places.app */,
			);
			name = Products;
			sourceTree = "<group>";
		};
		8B1AA8B91C383F3E001E1364 /* Memorable Places */ = {
			isa = PBXGroup;
			children = (
				8B1AA8BA1C383F3E001E1364 /* AppDelegate.swift */,
				8B1AA8BC1C383F3E001E1364 /* ViewController.swift */,
				8B1AA8BE1C383F3E001E1364 /* Main.storyboard */,
				8B1AA8C11C383F3E001E1364 /* Assets.xcassets */,
				8B1AA8C31C383F3E001E1364 /* LaunchScreen.storyboard */,
				8B1AA8C61C383F3E001E1364 /* Info.plist */,
			);
			path = "Memorable Places";
			sourceTree = "<group>";
		};
/* End PBXGroup section */

/* Begin PBXNativeTarget section */
		8B1AA8B61C383F3E001E1364 /* Memorable Places */ = {
			isa = PBXNativeTarget;
			buildConfigurationList = 8B1AA8C91C383F3E001E1364 /* Build configuration list for PBXNativeTarget "Memorable Places" */;
			buildPhases = (
				8B1AA8B31C383F3E001E1364 /* Sources */,
				8B1AA8B41C383F3E001E1364 /* Frameworks */,
				8B1AA8B51C383F3E001E1364 /* Resources */,
			);
			buildRules = (
			);
			dependencies = (
			);
			name = "Memorable Places";
			productName = "Memorable Places";
			productReference = 8B1AA8B71C383F3E001E1364 /* Memorable Places.app */;
			productType = "com.apple.product-type.application";
		};
/* End PBXNativeTarget section */

/* Begin PBXProject section */
		8B1AA8AF1C383F3E001E1364 /* Project object */ = {
			isa = PBXProject;
			attributes = {
				LastSwiftUpdateCheck = 0720;
				LastUpgradeCheck = 0720;
				ORGANIZATIONNAME = "Chatterjee, Snigdhaman";
				TargetAttributes = {
					8B1AA8B61C383F3E001E1364 = {
						CreatedOnToolsVersion = 7.2;
						DevelopmentTeam = SVW2895E86;
					};
				};
			};
			buildConfigurationList = 8B1AA8B21C383F3E001E1364 /* Build configuration list for PBXProject "Memorable Places" */;
			compatibilityVersion = "Xcode 3.2";
			developmentRegion = English;
			hasScannedForEncodings = 0;
			knownRegions = (
				en,
				Base,
			);
			mainGroup = 8B1AA8AE1C383F3E001E1364;
			productRefGroup = 8B1AA8B81C383F3E001E1364 /* Products */;
			projectDirPath = "";
			projectRoot = "";
			targets = (
				8B1AA8B61C383F3E001E1364 /* Memorable Places */,
			);
		};
/* End PBXProject section */

/* Begin PBXResourcesBuildPhase section */
		8B1AA8B51C383F3E001E1364 /* Resources */ = {
			isa = PBXResourcesBuildPhase;
			buildActionMask = 2147483647;
			files = (
				8B1AA8C51C383F3E001E1364 /* LaunchScreen.storyboard in Resources */,
				8B1AA8C21C383F3E001E1364 /* Assets.xcassets in Resources */,
				8B1AA8C01C383F3E001E1364 /* Main.storyboard in Resources */,
			);
			runOnlyForDeploymentPostprocessing = 0;
		};
/* End PBXResourcesBuildPhase section */

/* Begin PBXSourcesBuildPhase section */
		8B1AA8B31C383F3E001E1364 /* Sources */ = {
			isa = PBXSourcesBuildPhase;
			buildActionMask = 2147483647;
			files = (
				8B1AA8BD1C383F3E001E1364 /* ViewController.swift in Sources */,
				8B1AA8BB1C383F3E001E1364 /* AppDelegate.swift in Sources */,
			);
			runOnlyForDeploymentPostprocessing = 0;
		};
/* End PBXSourcesBuildPhase section */

/* Begin PBXVariantGroup section */
		8B1AA8BE1C383F3E001E1364 /* Main.storyboard */ = {
			isa = PBXVariantGroup;
			children = (
				8B1AA8BF1C383F3E001E1364 /* Base */,
			);
			name = Main.storyboard;
			sourceTree = "<group>";
		};
		8B1AA8C31C383F3E001E1364 /* LaunchScreen.storyboard */ = {
			isa = PBXVariantGroup;
			children = (
				8B1AA8C41C383F3E001E1364 /* Base */,
			);
			name = LaunchScreen.storyboard;
			sourceTree = "<group>";
		};
/* End PBXVariantGroup section */

/* Begin XCBuildConfiguration section */
		8B1AA8C71C383F3E001E1364 /* Debug */ = {
			isa = XCBuildConfiguration;
			buildSettings = {
				ALWAYS_SEARCH_USER_PATHS = NO;
				CLANG_CXX_LANGUAGE_STANDARD = "gnu++0x";
				CLANG_CXX_LIBRARY = "libc++";
				CLANG_ENABLE_MODULES = YES;
				CLANG_ENABLE_OBJC_ARC = YES;
				CLANG_WARN_BOOL_CONVERSION = YES;
				CLANG_WARN_CONSTANT_CONVERSION = YES;
				CLANG_WARN_DIRECT_OBJC_ISA_USAGE = YES_ERROR;
				CLANG_WARN_EMPTY_BODY = YES;
				CLANG_WARN_ENUM_CONVERSION = YES;
				CLANG_WARN_INT_CONVERSION = YES;
				CLANG_WARN_OBJC_ROOT_CLASS = YES_ERROR;
				CLANG_WARN_UNREACHABLE_CODE = YES;
				CLANG_WARN__DUPLICATE_METHOD_MATCH = YES;
				"CODE_SIGN_IDENTITY[sdk=iphoneos*]" = "iPhone Developer";
				COPY_PHASE_STRIP = NO;
				DEBUG_INFORMATION_FORMAT = dwarf;
				ENABLE_STRICT_OBJC_MSGSEND = YES;
				ENABLE_TESTABILITY = YES;
				GCC_C_LANGUAGE_STANDARD = gnu99;
				GCC_DYNAMIC_NO_PIC = NO;
				GCC_NO_COMMON_BLOCKS = YES;
				GCC_OPTIMIZATION_LEVEL = 0;
				GCC_PREPROCESSOR_DEFINITIONS = (
					"DEBUG=1",
					"$(inherited)",
				);
				GCC_WARN_64_TO_32_BIT_CONVERSION = YES;
				GCC_WARN_ABOUT_RETURN_TYPE = YES_ERROR;
				GCC_WARN_UNDECLARED_SELECTOR = YES;
				GCC_WARN_UNINITIALIZED_AUTOS = YES_AGGRESSIVE;
				GCC_WARN_UNUSED_FUNCTION = YES;
				GCC_WARN_UNUSED_VARIABLE = YES;
				IPHONEOS_DEPLOYMENT_TARGET = 9.2;
				MTL_ENABLE_DEBUG_INFO = YES;
				ONLY_ACTIVE_ARCH = YES;
				SDKROOT = iphoneos;
				SWIFT_OPTIMIZATION_LEVEL = "-Onone";
			};
			name = Debug;
		};
		8B1AA8C81C383F3E001E1364 /* Release */ = {
			isa = XCBuildConfiguration;
			buildSettings = {
				ALWAYS_SEARCH_USER_PATHS = NO;
				CLANG_CXX_LANGUAGE_STANDARD = "gnu++0x";
				CLANG_CXX_LIBRARY = "libc++";
				CLANG_ENABLE_MODULES = YES;
				CLANG_ENABLE_OBJC_ARC = YES;
				CLANG_WARN_BOOL_CONVERSION = YES;
				CLANG_WARN_CONSTANT_CONVERSION = YES;
				CLANG_WARN_DIRECT_OBJC_ISA_USAGE = YES_ERROR;
				CLANG_WARN_EMPTY_BODY = YES;
				CLANG_WARN_ENUM_CONVERSION = YES;
				CLANG_WARN_INT_CONVERSION = YES;
				CLANG_WARN_OBJC_ROOT_CLASS = YES_ERROR;
				CLANG_WARN_UNREACHABLE_CODE = YES;
				CLANG_WARN__DUPLICATE_METHOD_MATCH = YES;
				"CODE_SIGN_IDENTITY[sdk=iphoneos*]" = "iPhone Developer";
				COPY_PHASE_STRIP = NO;
				DEBUG_INFORMATION_FORMAT = "dwarf-with-dsym";
				ENABLE_NS_ASSERTIONS = NO;
				ENABLE_STRICT_OBJC_MSGSEND = YES;
				GCC_C_LANGUAGE_STANDARD = gnu99;
				GCC_NO_COMMON_BLOCKS = YES;
				GCC_WARN_64_TO_32_BIT_CONVERSION = YES;
				GCC_WARN_ABOUT_RETURN_TYPE = YES_ERROR;
				GCC_WARN_UNDECLARED_SELECTOR = YES;
				GCC_WARN_UNINITIALIZED_AUTOS = YES_AGGRESSIVE;
				GCC_WARN_UNUSED_FUNCTION = YES;
				GCC_WARN_UNUSED_VARIABLE = YES;
				IPHONEOS_DEPLOYMENT_TARGET = 9.2;
				MTL_ENABLE_DEBUG_INFO = NO;
				SDKROOT = iphoneos;
				VALIDATE_PRODUCT = YES;
			};
			name = Release;
		};
		8B1AA8CA1C383F3E001E1364 /* Debug */ = {
			isa = XCBuildConfiguration;
			buildSettings = {
				ASSETCATALOG_COMPILER_APPICON_NAME = AppIcon;
				INFOPLIST_FILE = "Memorable Places/Info.plist";
				LD_RUNPATH_SEARCH_PATHS = "$(inherited) @executable_path/Frameworks";
				PRODUCT_BUNDLE_IDENTIFIER = "com.Chatterjee.Snigdhaman.Memorable-Places";
				PRODUCT_NAME = "$(TARGET_NAME)";
			};
			name = Debug;
		};
		8B1AA8CB1C383F3E001E1364 /* Release */ = {
			isa = XCBuildConfiguration;
			buildSettings = {
				ASSETCATALOG_COMPILER_APPICON_NAME = AppIcon;
				INFOPLIST_FILE = "Memorable Places/Info.plist";
				LD_RUNPATH_SEARCH_PATHS = "$(inherited) @executable_path/Frameworks";
				PRODUCT_BUNDLE_IDENTIFIER = "com.Chatterjee.Snigdhaman.Memorable-Places";
				PRODUCT_NAME = "$(TARGET_NAME)";
			};
			name = Release;
		};
/* End XCBuildConfiguration section */

/* Begin XCConfigurationList section */
		8B1AA8B21C383F3E001E1364 /* Build configuration list for PBXProject "Memorable Places" */ = {
			isa = XCConfigurationList;
			buildConfigurations = (
				8B1AA8C71C383F3E001E1364 /* Debug */,
				8B1AA8C81C383F3E001E1364 /* Release */,
			);
			defaultConfigurationIsVisible = 0;
			defaultConfigurationName = Release;
		};
		8B1AA8C91C383F3E001E1364 /* Build configuration list for PBXNativeTarget "Memorable Places" */ = {
			isa = XCConfigurationList;
			buildConfigurations = (
				8B1AA8CA1C383F3E001E1364 /* Debug */,
				8B1AA8CB1C383F3E001E1364 /* Release */,
			);
			defaultConfigurationIsVisible = 0;
		};
/* End XCConfigurationList section */
	};
	rootObject = 8B1AA8AF1C383F3E001E1364 /* Project object */;
}
